
Microsoft Visual Studio Solution File, Format Version 12.00
# Visual Studio Version 16
VisualStudioVersion = 16.0.29009.5
MinimumVisualStudioVersion = 10.0.40219.1
Project("{FAE04EC0-301F-11D3-BF4B-00C04F79EFBC}") = "Invoice", "Invoice\Invoice.csproj", "{DA07A6F7-D067-4E08-9ACB-621672357E2E}"
EndProject
Global
	GlobalSection(SolutionConfigurationPlatforms) = preSolution
		Debug|Any CPU = Debug|Any CPU
		Release|Any CPU = Release|Any CPU
	EndGlobalSection
	GlobalSection(ProjectConfigurationPlatforms) = postSolution
		{DA07A6F7-D067-4E08-9ACB-621672357E2E}.Debug|Any CPU.ActiveCfg = Debug|Any CPU
		{DA07A6F7-D067-4E08-9ACB-621672357E2E}.Debug|Any CPU.Build.0 = Debug|Any CPU
		{DA07A6F7-D067-4E08-9ACB-621672357E2E}.Release|Any CPU.ActiveCfg = Release|Any CPU
		{DA07A6F7-D067-4E08-9ACB-621672357E2E}.Release|Any CPU.Build.0 = Release|Any CPU
	EndGlobalSection
	GlobalSection(SolutionProperties) = preSolution
		HideSolutionNode = FALSE
	EndGlobalSection
	GlobalSection(ExtensibilityGlobals) = postSolution
		SolutionGuid = {FBA08B2C-5501-4740-A299-DAB95BE987B8}
	EndGlobalSection
EndGlobal
